// !$*UTF8*$!
{
	archiveVersion = 1;
	classes = {
	};
	objectVersion = 56;
	objects = {

/* Begin PBXBuildFile section */
		B077B8D92B966D58009E3B6B /* Linker.swift in Sources */ = {isa = PBXBuildFile; fileRef = B077B8D82B966D58009E3B6B /* Linker.swift */; };
		B077B8DB2B966FAE009E3B6B /* Entitlement.swift in Sources */ = {isa = PBXBuildFile; fileRef = B077B8DA2B966FAE009E3B6B /* Entitlement.swift */; };
		B08CB4F92B7BC25000E04C0D /* EluvioDeepLinkSampleApp.swift in Sources */ = {isa = PBXBuildFile; fileRef = B08CB4F82B7BC25000E04C0D /* EluvioDeepLinkSampleApp.swift */; };
		B08CB4FB2B7BC25000E04C0D /* ContentView.swift in Sources */ = {isa = PBXBuildFile; fileRef = B08CB4FA2B7BC25000E04C0D /* ContentView.swift */; };
		B08CB4FD2B7BC25100E04C0D /* Assets.xcassets in Resources */ = {isa = PBXBuildFile; fileRef = B08CB4FC2B7BC25100E04C0D /* Assets.xcassets */; };
		B08CB5002B7BC25100E04C0D /* Preview Assets.xcassets in Resources */ = {isa = PBXBuildFile; fileRef = B08CB4FF2B7BC25100E04C0D /* Preview Assets.xcassets */; };
/* End PBXBuildFile section */

/* Begin PBXFileReference section */
		B077B8D82B966D58009E3B6B /* Linker.swift */ = {isa = PBXFileReference; lastKnownFileType = sourcecode.swift; path = Linker.swift; sourceTree = "<group>"; };
		B077B8DA2B966FAE009E3B6B /* Entitlement.swift */ = {isa = PBXFileReference; lastKnownFileType = sourcecode.swift; path = Entitlement.swift; sourceTree = "<group>"; };
		B08CB4F52B7BC25000E04C0D /* EluvioDeepLinkSample.app */ = {isa = PBXFileReference; explicitFileType = wrapper.application; includeInIndex = 0; path = EluvioDeepLinkSample.app; sourceTree = BUILT_PRODUCTS_DIR; };
		B08CB4F82B7BC25000E04C0D /* EluvioDeepLinkSampleApp.swift */ = {isa = PBXFileReference; lastKnownFileType = sourcecode.swift; path = EluvioDeepLinkSampleApp.swift; sourceTree = "<group>"; };
		B08CB4FA2B7BC25000E04C0D /* ContentView.swift */ = {isa = PBXFileReference; lastKnownFileType = sourcecode.swift; path = ContentView.swift; sourceTree = "<group>"; };
		B08CB4FC2B7BC25100E04C0D /* Assets.xcassets */ = {isa = PBXFileReference; lastKnownFileType = folder.assetcatalog; path = Assets.xcassets; sourceTree = "<group>"; };
		B08CB4FF2B7BC25100E04C0D /* Preview Assets.xcassets */ = {isa = PBXFileReference; lastKnownFileType = folder.assetcatalog; path = "Preview Assets.xcassets"; sourceTree = "<group>"; };
		B0B5CB3A2B99183A0087BC6A /* Info.plist */ = {isa = PBXFileReference; lastKnownFileType = text.plist; path = Info.plist; sourceTree = "<group>"; };
/* End PBXFileReference section */

/* Begin PBXFrameworksBuildPhase section */
		B08CB4F22B7BC25000E04C0D /* Frameworks */ = {
			isa = PBXFrameworksBuildPhase;
			buildActionMask = 2147483647;
			files = (
			);
			runOnlyForDeploymentPostprocessing = 0;
		};
/* End PBXFrameworksBuildPhase section */

/* Begin PBXGroup section */
		B08CB4EC2B7BC25000E04C0D = {
			isa = PBXGroup;
			children = (
				B08CB4F72B7BC25000E04C0D /* EluvioDeepLinkSample */,
				B08CB4F62B7BC25000E04C0D /* Products */,
			);
			sourceTree = "<group>";
		};
		B08CB4F62B7BC25000E04C0D /* Products */ = {
			isa = PBXGroup;
			children = (
				B08CB4F52B7BC25000E04C0D /* EluvioDeepLinkSample.app */,
			);
			name = Products;
			sourceTree = "<group>";
		};
		B08CB4F72B7BC25000E04C0D /* EluvioDeepLinkSample */ = {
			isa = PBXGroup;
			children = (
				B0B5CB3A2B99183A0087BC6A /* Info.plist */,
				B08CB4F82B7BC25000E04C0D /* EluvioDeepLinkSampleApp.swift */,
				B08CB4FA2B7BC25000E04C0D /* ContentView.swift */,
				B077B8D82B966D58009E3B6B /* Linker.swift */,
				B077B8DA2B966FAE009E3B6B /* Entitlement.swift */,
				B08CB4FC2B7BC25100E04C0D /* Assets.xcassets */,
				B08CB4FE2B7BC25100E04C0D /* Preview Content */,
			);
			path = EluvioDeepLinkSample;
			sourceTree = "<group>";
		};
		B08CB4FE2B7BC25100E04C0D /* Preview Content */ = {
			isa = PBXGroup;
			children = (
				B08CB4FF2B7BC25100E04C0D /* Preview Assets.xcassets */,
			);
			path = "Preview Content";
			sourceTree = "<group>";
		};
/* End PBXGroup section */

/* Begin PBXNativeTarget section */
		B08CB4F42B7BC25000E04C0D /* EluvioDeepLinkSample */ = {
			isa = PBXNativeTarget;
			buildConfigurationList = B08CB5032B7BC25100E04C0D /* Build configuration list for PBXNativeTarget "EluvioDeepLinkSample" */;
			buildPhases = (
				B08CB4F12B7BC25000E04C0D /* Sources */,
				B08CB4F22B7BC25000E04C0D /* Frameworks */,
				B08CB4F32B7BC25000E04C0D /* Resources */,
			);
			buildRules = (
			);
			dependencies = (
			);
			name = EluvioDeepLinkSample;
			productName = EluvioDeepLinkSample;
			productReference = B08CB4F52B7BC25000E04C0D /* EluvioDeepLinkSample.app */;
			productType = "com.apple.product-type.application";
		};
/* End PBXNativeTarget section */

/* Begin PBXProject section */
		B08CB4ED2B7BC25000E04C0D /* Project object */ = {
			isa = PBXProject;
			attributes = {
				BuildIndependentTargetsInParallel = 1;
				LastSwiftUpdateCheck = 1500;
				LastUpgradeCheck = 1500;
				TargetAttributes = {
					B08CB4F42B7BC25000E04C0D = {
						CreatedOnToolsVersion = 15.0;
					};
				};
			};
			buildConfigurationList = B08CB4F02B7BC25000E04C0D /* Build configuration list for PBXProject "EluvioDeepLinkSample" */;
			compatibilityVersion = "Xcode 14.0";
			developmentRegion = en;
			hasScannedForEncodings = 0;
			knownRegions = (
				en,
				Base,
			);
			mainGroup = B08CB4EC2B7BC25000E04C0D;
			productRefGroup = B08CB4F62B7BC25000E04C0D /* Products */;
			projectDirPath = "";
			projectRoot = "";
			targets = (
				B08CB4F42B7BC25000E04C0D /* EluvioDeepLinkSample */,
			);
		};
/* End PBXProject section */

/* Begin PBXResourcesBuildPhase section */
		B08CB4F32B7BC25000E04C0D /* Resources */ = {
			isa = PBXResourcesBuildPhase;
			buildActionMask = 2147483647;
			files = (
				B08CB5002B7BC25100E04C0D /* Preview Assets.xcassets in Resources */,
				B08CB4FD2B7BC25100E04C0D /* Assets.xcassets in Resources */,
			);
			runOnlyForDeploymentPostprocessing = 0;
		};
/* End PBXResourcesBuildPhase section */

/* Begin PBXSourcesBuildPhase section */
		B08CB4F12B7BC25000E04C0D /* Sources */ = {
			isa = PBXSourcesBuildPhase;
			buildActionMask = 2147483647;
			files = (
				B08CB4FB2B7BC25000E04C0D /* ContentView.swift in Sources */,
				B077B8DB2B966FAE009E3B6B /* Entitlement.swift in Sources */,
				B077B8D92B966D58009E3B6B /* Linker.swift in Sources */,
				B08CB4F92B7BC25000E04C0D /* EluvioDeepLinkSampleApp.swift in Sources */,
			);
			runOnlyForDeploymentPostprocessing = 0;
		};
/* End PBXSourcesBuildPhase section */

/* Begin XCBuildConfiguration section */
		B08CB5012B7BC25100E04C0D /* Debug */ = {
			isa = XCBuildConfiguration;
			buildSettings = {
				ALWAYS_SEARCH_USER_PATHS = NO;
				ASSETCATALOG_COMPILER_GENERATE_SWIFT_ASSET_SYMBOL_EXTENSIONS = YES;
				CLANG_ANALYZER_NONNULL = YES;
				CLANG_ANALYZER_NUMBER_OBJECT_CONVERSION = YES_AGGRESSIVE;
				CLANG_CXX_LANGUAGE_STANDARD = "gnu++20";
				CLANG_ENABLE_MODULES = YES;
				CLANG_ENABLE_OBJC_ARC = YES;
				CLANG_ENABLE_OBJC_WEAK = YES;
				CLANG_WARN_BLOCK_CAPTURE_AUTORELEASING = YES;
				CLANG_WARN_BOOL_CONVERSION = YES;
				CLANG_WARN_COMMA = YES;
				CLANG_WARN_CONSTANT_CONVERSION = YES;
				CLANG_WARN_DEPRECATED_OBJC_IMPLEMENTATIONS = YES;
				CLANG_WARN_DIRECT_OBJC_ISA_USAGE = YES_ERROR;
				CLANG_WARN_DOCUMENTATION_COMMENTS = YES;
				CLANG_WARN_EMPTY_BODY = YES;
				CLANG_WARN_ENUM_CONVERSION = YES;
				CLANG_WARN_INFINITE_RECURSION = YES;
				CLANG_WARN_INT_CONVERSION = YES;
				CLANG_WARN_NON_LITERAL_NULL_CONVERSION = YES;
				CLANG_WARN_OBJC_IMPLICIT_RETAIN_SELF = YES;
				CLANG_WARN_OBJC_LITERAL_CONVERSION = YES;
				CLANG_WARN_OBJC_ROOT_CLASS = YES_ERROR;
				CLANG_WARN_QUOTED_INCLUDE_IN_FRAMEWORK_HEADER = YES;
				CLANG_WARN_RANGE_LOOP_ANALYSIS = YES;
				CLANG_WARN_STRICT_PROTOTYPES = YES;
				CLANG_WARN_SUSPICIOUS_MOVE = YES;
				CLANG_WARN_UNGUARDED_AVAILABILITY = YES_AGGRESSIVE;
				CLANG_WARN_UNREACHABLE_CODE = YES;
				CLANG_WARN__DUPLICATE_METHOD_MATCH = YES;
				COPY_PHASE_STRIP = NO;
				DEBUG_INFORMATION_FORMAT = dwarf;
				ENABLE_STRICT_OBJC_MSGSEND = YES;
				ENABLE_TESTABILITY = YES;
				ENABLE_USER_SCRIPT_SANDBOXING = YES;
				GCC_C_LANGUAGE_STANDARD = gnu17;
				GCC_DYNAMIC_NO_PIC = NO;
				GCC_NO_COMMON_BLOCKS = YES;
				GCC_OPTIMIZATION_LEVEL = 0;
				GCC_PREPROCESSOR_DEFINITIONS = (
					"DEBUG=1",
					"$(inherited)",
				);
				GCC_WARN_64_TO_32_BIT_CONVERSION = YES;
				GCC_WARN_ABOUT_RETURN_TYPE = YES_ERROR;
				GCC_WARN_UNDECLARED_SELECTOR = YES;
				GCC_WARN_UNINITIALIZED_AUTOS = YES_AGGRESSIVE;
				GCC_WARN_UNUSED_FUNCTION = YES;
				GCC_WARN_UNUSED_VARIABLE = YES;
				LOCALIZATION_PREFERS_STRING_CATALOGS = YES;
				MTL_ENABLE_DEBUG_INFO = INCLUDE_SOURCE;
				MTL_FAST_MATH = YES;
				ONLY_ACTIVE_ARCH = YES;
				SDKROOT = appletvos;
				SWIFT_ACTIVE_COMPILATION_CONDITIONS = "DEBUG $(inherited)";
				SWIFT_OPTIMIZATION_LEVEL = "-Onone";
				TVOS_DEPLOYMENT_TARGET = 17.0;
			};
			name = Debug;
		};
		B08CB5022B7BC25100E04C0D /* Release */ = {
			isa = XCBuildConfiguration;
			buildSettings = {
				ALWAYS_SEARCH_USER_PATHS = NO;
				ASSETCATALOG_COMPILER_GENERATE_SWIFT_ASSET_SYMBOL_EXTENSIONS = YES;
				CLANG_ANALYZER_NONNULL = YES;
				CLANG_ANALYZER_NUMBER_OBJECT_CONVERSION = YES_AGGRESSIVE;
				CLANG_CXX_LANGUAGE_STANDARD = "gnu++20";
				CLANG_ENABLE_MODULES = YES;
				CLANG_ENABLE_OBJC_ARC = YES;
				CLANG_ENABLE_OBJC_WEAK = YES;
				CLANG_WARN_BLOCK_CAPTURE_AUTORELEASING = YES;
				CLANG_WARN_BOOL_CONVERSION = YES;
				CLANG_WARN_COMMA = YES;
				CLANG_WARN_CONSTANT_CONVERSION = YES;
				CLANG_WARN_DEPRECATED_OBJC_IMPLEMENTATIONS = YES;
				CLANG_WARN_DIRECT_OBJC_ISA_USAGE = YES_ERROR;
				CLANG_WARN_DOCUMENTATION_COMMENTS = YES;
				CLANG_WARN_EMPTY_BODY = YES;
				CLANG_WARN_ENUM_CONVERSION = YES;
				CLANG_WARN_INFINITE_RECURSION = YES;
				CLANG_WARN_INT_CONVERSION = YES;
				CLANG_WARN_NON_LITERAL_NULL_CONVERSION = YES;
				CLANG_WARN_OBJC_IMPLICIT_RETAIN_SELF = YES;
				CLANG_WARN_OBJC_LITERAL_CONVERSION = YES;
				CLANG_WARN_OBJC_ROOT_CLASS = YES_ERROR;
				CLANG_WARN_QUOTED_INCLUDE_IN_FRAMEWORK_HEADER = YES;
				CLANG_WARN_RANGE_LOOP_ANALYSIS = YES;
				CLANG_WARN_STRICT_PROTOTYPES = YES;
				CLANG_WARN_SUSPICIOUS_MOVE = YES;
				CLANG_WARN_UNGUARDED_AVAILABILITY = YES_AGGRESSIVE;
				CLANG_WARN_UNREACHABLE_CODE = YES;
				CLANG_WARN__DUPLICATE_METHOD_MATCH = YES;
				COPY_PHASE_STRIP = NO;
				DEBUG_INFORMATION_FORMAT = "dwarf-with-dsym";
				ENABLE_NS_ASSERTIONS = NO;
				ENABLE_STRICT_OBJC_MSGSEND = YES;
				ENABLE_USER_SCRIPT_SANDBOXING = YES;
				GCC_C_LANGUAGE_STANDARD = gnu17;
				GCC_NO_COMMON_BLOCKS = YES;
				GCC_WARN_64_TO_32_BIT_CONVERSION = YES;
				GCC_WARN_ABOUT_RETURN_TYPE = YES_ERROR;
				GCC_WARN_UNDECLARED_SELECTOR = YES;
				GCC_WARN_UNINITIALIZED_AUTOS = YES_AGGRESSIVE;
				GCC_WARN_UNUSED_FUNCTION = YES;
				GCC_WARN_UNUSED_VARIABLE = YES;
				LOCALIZATION_PREFERS_STRING_CATALOGS = YES;
				MTL_ENABLE_DEBUG_INFO = NO;
				MTL_FAST_MATH = YES;
				SDKROOT = appletvos;
				SWIFT_COMPILATION_MODE = wholemodule;
				TVOS_DEPLOYMENT_TARGET = 17.0;
				VALIDATE_PRODUCT = YES;
			};
			name = Release;
		};
		B08CB5042B7BC25100E04C0D /* Debug */ = {
			isa = XCBuildConfiguration;
			buildSettings = {
				ASSETCATALOG_COMPILER_APPICON_NAME = "App Icon & Top Shelf Image";
				ASSETCATALOG_COMPILER_GLOBAL_ACCENT_COLOR_NAME = AccentColor;
				CODE_SIGN_STYLE = Automatic;
				CURRENT_PROJECT_VERSION = 1;
				DEVELOPMENT_ASSET_PATHS = "\"EluvioDeepLinkSample/Preview Content\"";
				ENABLE_PREVIEWS = YES;
				GENERATE_INFOPLIST_FILE = YES;
				INFOPLIST_FILE = EluvioDeepLinkSample/Info.plist;
				INFOPLIST_KEY_CFBundleDisplayName = "Eluvio Deep Link Sample";
				INFOPLIST_KEY_UILaunchScreen_Generation = YES;
				INFOPLIST_KEY_UIUserInterfaceStyle = Automatic;
				LD_RUNPATH_SEARCH_PATHS = (
					"$(inherited)",
					"@executable_path/Frameworks",
				);
				MARKETING_VERSION = 1.0;
				PRODUCT_BUNDLE_IDENTIFIER = com.eluvio.EluvioDeepLinkSample;
				PRODUCT_NAME = "$(TARGET_NAME)";
				SWIFT_EMIT_LOC_STRINGS = YES;
				SWIFT_VERSION = 5.0;
				TARGETED_DEVICE_FAMILY = 3;
			};
			name = Debug;
		};
		B08CB5052B7BC25100E04C0D /* Release */ = {
			isa = XCBuildConfiguration;
			buildSettings = {
				ASSETCATALOG_COMPILER_APPICON_NAME = "App Icon & Top Shelf Image";
				ASSETCATALOG_COMPILER_GLOBAL_ACCENT_COLOR_NAME = AccentColor;
				CODE_SIGN_STYLE = Automatic;
				CURRENT_PROJECT_VERSION = 1;
				DEVELOPMENT_ASSET_PATHS = "\"EluvioDeepLinkSample/Preview Content\"";
				ENABLE_PREVIEWS = YES;
				GENERATE_INFOPLIST_FILE = YES;
				INFOPLIST_FILE = EluvioDeepLinkSample/Info.plist;
				INFOPLIST_KEY_CFBundleDisplayName = "Eluvio Deep Link Sample";
				INFOPLIST_KEY_UILaunchScreen_Generation = YES;
				INFOPLIST_KEY_UIUserInterfaceStyle = Automatic;
				LD_RUNPATH_SEARCH_PATHS = (
					"$(inherited)",
					"@executable_path/Frameworks",
				);
				MARKETING_VERSION = 1.0;
				PRODUCT_BUNDLE_IDENTIFIER = com.eluvio.EluvioDeepLinkSample;
				PRODUCT_NAME = "$(TARGET_NAME)";
				SWIFT_EMIT_LOC_STRINGS = YES;
				SWIFT_VERSION = 5.0;
				TARGETED_DEVICE_FAMILY = 3;
			};
			name = Release;
		};
/* End XCBuildConfiguration section */

/* Begin XCConfigurationList section */
		B08CB4F02B7BC25000E04C0D /* Build configuration list for PBXProject "EluvioDeepLinkSample" */ = {
			isa = XCConfigurationList;
			buildConfigurations = (
				B08CB5012B7BC25100E04C0D /* Debug */,
				B08CB5022B7BC25100E04C0D /* Release */,
			);
			defaultConfigurationIsVisible = 0;
			defaultConfigurationName = Release;
		};
		B08CB5032B7BC25100E04C0D /* Build configuration list for PBXNativeTarget "EluvioDeepLinkSample" */ = {
			isa = XCConfigurationList;
			buildConfigurations = (
				B08CB5042B7BC25100E04C0D /* Debug */,
				B08CB5052B7BC25100E04C0D /* Release */,
			);
			defaultConfigurationIsVisible = 0;
			defaultConfigurationName = Release;
		};
/* End XCConfigurationList section */
	};
	rootObject = B08CB4ED2B7BC25000E04C0D /* Project object */;
}
